
Microsoft Visual Studio Solution File, Format Version 12.00
# Visual Studio Version 17
VisualStudioVersion = 17.5.002.0
MinimumVisualStudioVersion = 10.0.40219.1
Project("{9A19103F-16F7-4668-BE54-9A1E7A4F7556}") = "Crud", "Crud.csproj", "{2613E14C-0D21-4824-BE1B-91D87AAFA225}"
EndProject
Global
	GlobalSection(SolutionConfigurationPlatforms) = preSolution
		Debug|Any CPU = Debug|Any CPU
		Release|Any CPU = Release|Any CPU
	EndGlobalSection
	GlobalSection(ProjectConfigurationPlatforms) = postSolution
		{2613E14C-0D21-4824-BE1B-91D87AAFA225}.Debug|Any CPU.ActiveCfg = Debug|Any CPU
		{2613E14C-0D21-4824-BE1B-91D87AAFA225}.Debug|Any CPU.Build.0 = Debug|Any CPU
		{2613E14C-0D21-4824-BE1B-91D87AAFA225}.Release|Any CPU.ActiveCfg = Release|Any CPU
		{2613E14C-0D21-4824-BE1B-91D87AAFA225}.Release|Any CPU.Build.0 = Release|Any CPU
	EndGlobalSection
	GlobalSection(SolutionProperties) = preSolution
		HideSolutionNode = FALSE
	EndGlobalSection
	GlobalSection(ExtensibilityGlobals) = postSolution
		SolutionGuid = {0A07B896-3FE8-41F1-8643-A26578B0D6BB}
	EndGlobalSection
EndGlobal
